
Microsoft Visual Studio Solution File, Format Version 12.00
# Visual Studio Version 17
VisualStudioVersion = 17.13.35919.96
MinimumVisualStudioVersion = 10.0.40219.1
Project("{2150E333-8FDC-42A3-9474-1A3956D46DE8}") = "src", "src", "{02EA681E-C7D8-13C7-8484-4AC65E1B71E8}"
EndProject
Project("{2150E333-8FDC-42A3-9474-1A3956D46DE8}") = "1.Application", "1.Application", "{95C4FA25-27A4-43C3-B01F-4C79485C58FD}"
EndProject
Project("{2150E333-8FDC-42A3-9474-1A3956D46DE8}") = "2.Domain", "2.Domain", "{7F43BA9B-DB73-43E5-8EB3-47E8146346C1}"
EndProject
Project("{2150E333-8FDC-42A3-9474-1A3956D46DE8}") = "3.Infrastructure", "3.Infrastructure", "{6007164F-1CC5-401A-86C9-87751993D73A}"
EndProject
Project("{2150E333-8FDC-42A3-9474-1A3956D46DE8}") = "4.Presentation", "4.Presentation", "{46DE6EAF-EB60-499B-917C-2008E000AA63}"
EndProject
Project("{2150E333-8FDC-42A3-9474-1A3956D46DE8}") = "5.Transversal", "5.Transversal", "{257A03D8-E8F0-4929-A445-78E5591E02EF}"
EndProject
Project("{2150E333-8FDC-42A3-9474-1A3956D46DE8}") = "6.Testing", "6.Testing", "{C547926D-83E0-4A1B-ADFE-86200CB6DD17}"
EndProject
Project("{FAE04EC0-301F-11D3-BF4B-00C04F79EFBC}") = "Log.API", "src\Log.API\Log.API.csproj", "{1F75364C-4073-423C-9710-80DD070AEC4D}"
EndProject
Project("{FAE04EC0-301F-11D3-BF4B-00C04F79EFBC}") = "Log.Infrastructure.Configurations", "src\Log.Infrastructure.Configurations\Log.Infrastructure.Configurations.csproj", "{601FA6AA-FC31-4298-A94E-A34402AF16F3}"
EndProject
Project("{FAE04EC0-301F-11D3-BF4B-00C04F79EFBC}") = "Log.Domain.Entities", "src\Log.Domain.Entities\Log.Domain.Entities.csproj", "{65EFEA14-2D52-A929-1A98-E79FFEA27D73}"
EndProject
Project("{FAE04EC0-301F-11D3-BF4B-00C04F79EFBC}") = "Log.Application.DTOs", "src\Log.Application.DTOs\Log.Application.DTOs.csproj", "{918F2862-A12C-7088-93FF-4DB80379C8E6}"
EndProject
Project("{FAE04EC0-301F-11D3-BF4B-00C04F79EFBC}") = "Log.Application.Interfaces", "src\Log.Application.Interfaces\Log.Application.Interfaces.csproj", "{6D3DC2A9-9ADD-A5E3-0655-C904A14145C7}"
EndProject
Project("{FAE04EC0-301F-11D3-BF4B-00C04F79EFBC}") = "Log.Application.Services", "src\Log.Application.Services\Log.Application.Services.csproj", "{498CC99A-9FC6-4A7A-7CBA-139A9E103FDA}"
EndProject
Project("{FAE04EC0-301F-11D3-BF4B-00C04F79EFBC}") = "Log.Infrastructure.Data", "src\Log.Infrastructure.Data\Log.Infrastructure.Data.csproj", "{2304F8A8-A534-4AE9-A3E8-BF3E7E3C02B7}"
EndProject
Project("{FAE04EC0-301F-11D3-BF4B-00C04F79EFBC}") = "Log.Infrastructure.Interfaces", "src\Log.Infrastructure.Interfaces\Log.Infrastructure.Interfaces.csproj", "{00BFB5CC-91D6-4F45-A5CA-175E58E58897}"
EndProject
Project("{FAE04EC0-301F-11D3-BF4B-00C04F79EFBC}") = "Log.Infrastructure.Repositories", "src\Log.Infrastructure.Repositories\Log.Infrastructure.Repositories.csproj", "{6FF4984E-DE73-419E-B387-417E23F8B172}"
EndProject
Project("{FAE04EC0-301F-11D3-BF4B-00C04F79EFBC}") = "Log.Transversal.Common", "src\Log.Transversal.Common\Log.Transversal.Common.csproj", "{EDE0D520-7B67-4A2A-A296-86835824C5E2}"
EndProject
Project("{FAE04EC0-301F-11D3-BF4B-00C04F79EFBC}") = "Log.Transversal.Mapper", "src\Log.Transversal.Mapper\Log.Transversal.Mapper.csproj", "{AB17F759-D16B-4596-88D5-F27E1B693252}"
EndProject
Project("{FAE04EC0-301F-11D3-BF4B-00C04F79EFBC}") = "Log.Transversal.Validator", "src\Log.Transversal.Validator\Log.Transversal.Validator.csproj", "{4F337445-9FE8-4924-80A5-CB96F53A2887}"
EndProject
Project("{FAE04EC0-301F-11D3-BF4B-00C04F79EFBC}") = "Log.Tests", "src\Log.Tests\Log.Tests.csproj", "{EFA1681F-89B8-4CAD-AA33-D076BD06379F}"
EndProject
Global
	GlobalSection(SolutionConfigurationPlatforms) = preSolution
		Debug|Any CPU = Debug|Any CPU
		Release|Any CPU = Release|Any CPU
	EndGlobalSection
	GlobalSection(ProjectConfigurationPlatforms) = postSolution
		{1F75364C-4073-423C-9710-80DD070AEC4D}.Debug|Any CPU.ActiveCfg = Debug|Any CPU
		{1F75364C-4073-423C-9710-80DD070AEC4D}.Debug|Any CPU.Build.0 = Debug|Any CPU
		{1F75364C-4073-423C-9710-80DD070AEC4D}.Release|Any CPU.ActiveCfg = Release|Any CPU
		{1F75364C-4073-423C-9710-80DD070AEC4D}.Release|Any CPU.Build.0 = Release|Any CPU
		{601FA6AA-FC31-4298-A94E-A34402AF16F3}.Debug|Any CPU.ActiveCfg = Debug|Any CPU
		{601FA6AA-FC31-4298-A94E-A34402AF16F3}.Debug|Any CPU.Build.0 = Debug|Any CPU
		{601FA6AA-FC31-4298-A94E-A34402AF16F3}.Release|Any CPU.ActiveCfg = Release|Any CPU
		{601FA6AA-FC31-4298-A94E-A34402AF16F3}.Release|Any CPU.Build.0 = Release|Any CPU
		{65EFEA14-2D52-A929-1A98-E79FFEA27D73}.Debug|Any CPU.ActiveCfg = Debug|Any CPU
		{65EFEA14-2D52-A929-1A98-E79FFEA27D73}.Debug|Any CPU.Build.0 = Debug|Any CPU
		{65EFEA14-2D52-A929-1A98-E79FFEA27D73}.Release|Any CPU.ActiveCfg = Release|Any CPU
		{65EFEA14-2D52-A929-1A98-E79FFEA27D73}.Release|Any CPU.Build.0 = Release|Any CPU
		{918F2862-A12C-7088-93FF-4DB80379C8E6}.Debug|Any CPU.ActiveCfg = Debug|Any CPU
		{918F2862-A12C-7088-93FF-4DB80379C8E6}.Debug|Any CPU.Build.0 = Debug|Any CPU
		{918F2862-A12C-7088-93FF-4DB80379C8E6}.Release|Any CPU.ActiveCfg = Release|Any CPU
		{918F2862-A12C-7088-93FF-4DB80379C8E6}.Release|Any CPU.Build.0 = Release|Any CPU
		{6D3DC2A9-9ADD-A5E3-0655-C904A14145C7}.Debug|Any CPU.ActiveCfg = Debug|Any CPU
		{6D3DC2A9-9ADD-A5E3-0655-C904A14145C7}.Debug|Any CPU.Build.0 = Debug|Any CPU
		{6D3DC2A9-9ADD-A5E3-0655-C904A14145C7}.Release|Any CPU.ActiveCfg = Release|Any CPU
		{6D3DC2A9-9ADD-A5E3-0655-C904A14145C7}.Release|Any CPU.Build.0 = Release|Any CPU
		{498CC99A-9FC6-4A7A-7CBA-139A9E103FDA}.Debug|Any CPU.ActiveCfg = Debug|Any CPU
		{498CC99A-9FC6-4A7A-7CBA-139A9E103FDA}.Debug|Any CPU.Build.0 = Debug|Any CPU
		{498CC99A-9FC6-4A7A-7CBA-139A9E103FDA}.Release|Any CPU.ActiveCfg = Release|Any CPU
		{498CC99A-9FC6-4A7A-7CBA-139A9E103FDA}.Release|Any CPU.Build.0 = Release|Any CPU
		{2304F8A8-A534-4AE9-A3E8-BF3E7E3C02B7}.Debug|Any CPU.ActiveCfg = Debug|Any CPU
		{2304F8A8-A534-4AE9-A3E8-BF3E7E3C02B7}.Debug|Any CPU.Build.0 = Debug|Any CPU
		{2304F8A8-A534-4AE9-A3E8-BF3E7E3C02B7}.Release|Any CPU.ActiveCfg = Release|Any CPU
		{2304F8A8-A534-4AE9-A3E8-BF3E7E3C02B7}.Release|Any CPU.Build.0 = Release|Any CPU
		{00BFB5CC-91D6-4F45-A5CA-175E58E58897}.Debug|Any CPU.ActiveCfg = Debug|Any CPU
		{00BFB5CC-91D6-4F45-A5CA-175E58E58897}.Debug|Any CPU.Build.0 = Debug|Any CPU
		{00BFB5CC-91D6-4F45-A5CA-175E58E58897}.Release|Any CPU.ActiveCfg = Release|Any CPU
		{00BFB5CC-91D6-4F45-A5CA-175E58E58897}.Release|Any CPU.Build.0 = Release|Any CPU
		{6FF4984E-DE73-419E-B387-417E23F8B172}.Debug|Any CPU.ActiveCfg = Debug|Any CPU
		{6FF4984E-DE73-419E-B387-417E23F8B172}.Debug|Any CPU.Build.0 = Debug|Any CPU
		{6FF4984E-DE73-419E-B387-417E23F8B172}.Release|Any CPU.ActiveCfg = Release|Any CPU
		{6FF4984E-DE73-419E-B387-417E23F8B172}.Release|Any CPU.Build.0 = Release|Any CPU
		{EDE0D520-7B67-4A2A-A296-86835824C5E2}.Debug|Any CPU.ActiveCfg = Debug|Any CPU
		{EDE0D520-7B67-4A2A-A296-86835824C5E2}.Debug|Any CPU.Build.0 = Debug|Any CPU
		{EDE0D520-7B67-4A2A-A296-86835824C5E2}.Release|Any CPU.ActiveCfg = Release|Any CPU
		{EDE0D520-7B67-4A2A-A296-86835824C5E2}.Release|Any CPU.Build.0 = Release|Any CPU
		{AB17F759-D16B-4596-88D5-F27E1B693252}.Debug|Any CPU.ActiveCfg = Debug|Any CPU
		{AB17F759-D16B-4596-88D5-F27E1B693252}.Debug|Any CPU.Build.0 = Debug|Any CPU
		{AB17F759-D16B-4596-88D5-F27E1B693252}.Release|Any CPU.ActiveCfg = Release|Any CPU
		{AB17F759-D16B-4596-88D5-F27E1B693252}.Release|Any CPU.Build.0 = Release|Any CPU
		{4F337445-9FE8-4924-80A5-CB96F53A2887}.Debug|Any CPU.ActiveCfg = Debug|Any CPU
		{4F337445-9FE8-4924-80A5-CB96F53A2887}.Debug|Any CPU.Build.0 = Debug|Any CPU
		{4F337445-9FE8-4924-80A5-CB96F53A2887}.Release|Any CPU.ActiveCfg = Release|Any CPU
		{4F337445-9FE8-4924-80A5-CB96F53A2887}.Release|Any CPU.Build.0 = Release|Any CPU
		{EFA1681F-89B8-4CAD-AA33-D076BD06379F}.Debug|Any CPU.ActiveCfg = Debug|Any CPU
		{EFA1681F-89B8-4CAD-AA33-D076BD06379F}.Debug|Any CPU.Build.0 = Debug|Any CPU
		{EFA1681F-89B8-4CAD-AA33-D076BD06379F}.Release|Any CPU.ActiveCfg = Release|Any CPU
		{EFA1681F-89B8-4CAD-AA33-D076BD06379F}.Release|Any CPU.Build.0 = Release|Any CPU
	EndGlobalSection
	GlobalSection(SolutionProperties) = preSolution
		HideSolutionNode = FALSE
	EndGlobalSection
	GlobalSection(NestedProjects) = preSolution
		{95C4FA25-27A4-43C3-B01F-4C79485C58FD} = {02EA681E-C7D8-13C7-8484-4AC65E1B71E8}
		{7F43BA9B-DB73-43E5-8EB3-47E8146346C1} = {02EA681E-C7D8-13C7-8484-4AC65E1B71E8}
		{6007164F-1CC5-401A-86C9-87751993D73A} = {02EA681E-C7D8-13C7-8484-4AC65E1B71E8}
		{46DE6EAF-EB60-499B-917C-2008E000AA63} = {02EA681E-C7D8-13C7-8484-4AC65E1B71E8}
		{257A03D8-E8F0-4929-A445-78E5591E02EF} = {02EA681E-C7D8-13C7-8484-4AC65E1B71E8}
		{C547926D-83E0-4A1B-ADFE-86200CB6DD17} = {02EA681E-C7D8-13C7-8484-4AC65E1B71E8}
		{1F75364C-4073-423C-9710-80DD070AEC4D} = {46DE6EAF-EB60-499B-917C-2008E000AA63}
		{601FA6AA-FC31-4298-A94E-A34402AF16F3} = {6007164F-1CC5-401A-86C9-87751993D73A}
		{65EFEA14-2D52-A929-1A98-E79FFEA27D73} = {7F43BA9B-DB73-43E5-8EB3-47E8146346C1}
		{918F2862-A12C-7088-93FF-4DB80379C8E6} = {95C4FA25-27A4-43C3-B01F-4C79485C58FD}
		{6D3DC2A9-9ADD-A5E3-0655-C904A14145C7} = {95C4FA25-27A4-43C3-B01F-4C79485C58FD}
		{498CC99A-9FC6-4A7A-7CBA-139A9E103FDA} = {95C4FA25-27A4-43C3-B01F-4C79485C58FD}
		{2304F8A8-A534-4AE9-A3E8-BF3E7E3C02B7} = {6007164F-1CC5-401A-86C9-87751993D73A}
		{00BFB5CC-91D6-4F45-A5CA-175E58E58897} = {6007164F-1CC5-401A-86C9-87751993D73A}
		{6FF4984E-DE73-419E-B387-417E23F8B172} = {6007164F-1CC5-401A-86C9-87751993D73A}
		{EDE0D520-7B67-4A2A-A296-86835824C5E2} = {257A03D8-E8F0-4929-A445-78E5591E02EF}
		{AB17F759-D16B-4596-88D5-F27E1B693252} = {257A03D8-E8F0-4929-A445-78E5591E02EF}
		{4F337445-9FE8-4924-80A5-CB96F53A2887} = {257A03D8-E8F0-4929-A445-78E5591E02EF}
		{EFA1681F-89B8-4CAD-AA33-D076BD06379F} = {C547926D-83E0-4A1B-ADFE-86200CB6DD17}
	EndGlobalSection
	GlobalSection(ExtensibilityGlobals) = postSolution
		SolutionGuid = {28380404-47E9-4F1F-9DFE-19781150F938}
	EndGlobalSection
EndGlobal
